
Microsoft Visual Studio Solution File, Format Version 12.00
# Visual Studio Version 17
VisualStudioVersion = 17.2.32519.379
MinimumVisualStudioVersion = 10.0.40219.1
Project("{FAE04EC0-301F-11D3-BF4B-00C04F79EFBC}") = "demo2", "demo2.csproj", "{0161B6EB-D3DC-4E56-A37E-21DD89FB2062}"
EndProject
Global
	GlobalSection(SolutionConfigurationPlatforms) = preSolution
		Debug|Any CPU = Debug|Any CPU
		Release|Any CPU = Release|Any CPU
	EndGlobalSection
	GlobalSection(ProjectConfigurationPlatforms) = postSolution
		{0161B6EB-D3DC-4E56-A37E-21DD89FB2062}.Debug|Any CPU.ActiveCfg = Debug|Any CPU
		{0161B6EB-D3DC-4E56-A37E-21DD89FB2062}.Debug|Any CPU.Build.0 = Debug|Any CPU
		{0161B6EB-D3DC-4E56-A37E-21DD89FB2062}.Release|Any CPU.ActiveCfg = Release|Any CPU
		{0161B6EB-D3DC-4E56-A37E-21DD89FB2062}.Release|Any CPU.Build.0 = Release|Any CPU
	EndGlobalSection
	GlobalSection(SolutionProperties) = preSolution
		HideSolutionNode = FALSE
	EndGlobalSection
	GlobalSection(ExtensibilityGlobals) = postSolution
		SolutionGuid = {BAEBAAF5-927A-4168-B449-468A6E6BB8C2}
	EndGlobalSection
EndGlobal
